
Microsoft Visual Studio Solution File, Format Version 12.00
# Visual Studio 15
VisualStudioVersion = 15.0.26730.8
MinimumVisualStudioVersion = 10.0.40219.1
Project("{FAE04EC0-301F-11D3-BF4B-00C04F79EFBC}") = "Core2UsersApi", "Core2UsersApi\Core2UsersApi.csproj", "{F01D7DFB-C9BD-4B98-9248-ACE0C1F2874A}"
EndProject
Project("{E53339B2-1760-4266-BCC7-CA923CBCF16C}") = "docker-compose", "docker-compose.dcproj", "{8D25D43A-DB00-40F0-A66D-43648D9F3E02}"
EndProject
Global
	GlobalSection(SolutionConfigurationPlatforms) = preSolution
		Debug|Any CPU = Debug|Any CPU
		Release|Any CPU = Release|Any CPU
	EndGlobalSection
	GlobalSection(ProjectConfigurationPlatforms) = postSolution
		{F01D7DFB-C9BD-4B98-9248-ACE0C1F2874A}.Debug|Any CPU.ActiveCfg = Debug|Any CPU
		{F01D7DFB-C9BD-4B98-9248-ACE0C1F2874A}.Debug|Any CPU.Build.0 = Debug|Any CPU
		{F01D7DFB-C9BD-4B98-9248-ACE0C1F2874A}.Release|Any CPU.ActiveCfg = Release|Any CPU
		{F01D7DFB-C9BD-4B98-9248-ACE0C1F2874A}.Release|Any CPU.Build.0 = Release|Any CPU
		{8D25D43A-DB00-40F0-A66D-43648D9F3E02}.Debug|Any CPU.ActiveCfg = Debug|Any CPU
		{8D25D43A-DB00-40F0-A66D-43648D9F3E02}.Debug|Any CPU.Build.0 = Debug|Any CPU
		{8D25D43A-DB00-40F0-A66D-43648D9F3E02}.Release|Any CPU.ActiveCfg = Release|Any CPU
		{8D25D43A-DB00-40F0-A66D-43648D9F3E02}.Release|Any CPU.Build.0 = Release|Any CPU
	EndGlobalSection
	GlobalSection(SolutionProperties) = preSolution
		HideSolutionNode = FALSE
	EndGlobalSection
	GlobalSection(ExtensibilityGlobals) = postSolution
		SolutionGuid = {FAB7D5ED-1889-4898-B954-BF3E145388EE}
	EndGlobalSection
EndGlobal
